
Microsoft Visual Studio Solution File, Format Version 12.00
# Visual Studio Version 16
VisualStudioVersion = 16.0.31205.134
MinimumVisualStudioVersion = 10.0.40219.1
Project("{FAE04EC0-301F-11D3-BF4B-00C04F79EFBC}") = "TestConfig", "TestConfig\TestConfig.csproj", "{0DED218D-525F-4B4B-BA5A-4A7071A236DB}"
EndProject
Global
	GlobalSection(SolutionConfigurationPlatforms) = preSolution
		Debug|Any CPU = Debug|Any CPU
		Release|Any CPU = Release|Any CPU
	EndGlobalSection
	GlobalSection(ProjectConfigurationPlatforms) = postSolution
		{0DED218D-525F-4B4B-BA5A-4A7071A236DB}.Debug|Any CPU.ActiveCfg = Debug|Any CPU
		{0DED218D-525F-4B4B-BA5A-4A7071A236DB}.Debug|Any CPU.Build.0 = Debug|Any CPU
		{0DED218D-525F-4B4B-BA5A-4A7071A236DB}.Release|Any CPU.ActiveCfg = Release|Any CPU
		{0DED218D-525F-4B4B-BA5A-4A7071A236DB}.Release|Any CPU.Build.0 = Release|Any CPU
	EndGlobalSection
	GlobalSection(SolutionProperties) = preSolution
		HideSolutionNode = FALSE
	EndGlobalSection
	GlobalSection(ExtensibilityGlobals) = postSolution
		SolutionGuid = {42FA116B-A407-4819-8B18-D3369C64CC24}
	EndGlobalSection
EndGlobal
