
Microsoft Visual Studio Solution File, Format Version 12.00
# Visual Studio Version 16
VisualStudioVersion = 16.0.31729.503
MinimumVisualStudioVersion = 10.0.40219.1
Project("{FAE04EC0-301F-11D3-BF4B-00C04F79EFBC}") = "ADO.Net", "ADO.Net\ADO.Net.csproj", "{7960DDFE-78AA-4D58-8380-63B98D741201}"
EndProject
Global
	GlobalSection(SolutionConfigurationPlatforms) = preSolution
		Debug|Any CPU = Debug|Any CPU
		Release|Any CPU = Release|Any CPU
	EndGlobalSection
	GlobalSection(ProjectConfigurationPlatforms) = postSolution
		{7960DDFE-78AA-4D58-8380-63B98D741201}.Debug|Any CPU.ActiveCfg = Debug|Any CPU
		{7960DDFE-78AA-4D58-8380-63B98D741201}.Debug|Any CPU.Build.0 = Debug|Any CPU
		{7960DDFE-78AA-4D58-8380-63B98D741201}.Release|Any CPU.ActiveCfg = Release|Any CPU
		{7960DDFE-78AA-4D58-8380-63B98D741201}.Release|Any CPU.Build.0 = Release|Any CPU
	EndGlobalSection
	GlobalSection(SolutionProperties) = preSolution
		HideSolutionNode = FALSE
	EndGlobalSection
	GlobalSection(ExtensibilityGlobals) = postSolution
		SolutionGuid = {49D476D5-4BE4-4B83-A42D-757D2725B644}
	EndGlobalSection
EndGlobal
